{
  "version": 4,
  "terraform_version": "1.16.0",
  "serial": 104,
  "lineage": "e0b36f3f-1679-8063-e051-0237f0bd5e55",
  "outputs": {},
  "resources": [
    {
      "module": "module.jellyfin",
      "mode": "managed",
      "type": "proxmox_virtual_environment_container",
      "name": "this",
      "provider": "provider[\"registry.terraform.io/bpg/proxmox\"]",
      "instances": [
        {
          "schema_version": 0,
          "attributes": {
            "clone": [],
            "console": [],
            "cpu": [
              {
                "architecture": "amd64",
                "cores": 2,
                "limit": 0,
                "units": 0
              }
            ],
            "description": "Jellyfin Server - Managed by Terraform\n",
            "device_passthrough": [],
            "disk": [
              {
                "acl": false,
                "datastore_id": "local-lvm",
                "mount_options": [],
                "path_in_datastore": "local-lvm:vm-103-disk-0",
                "quota": false,
                "replicate": false,
                "size": 16
              }
            ],
            "environment_variables": {},
            "features": [
              {
                "fuse": false,
                "keyctl": false,
                "mknod": false,
                "mount": [],
                "nesting": true
              }
            ],
            "hook_script_file_id": "",
            "id": "103",
            "idmap": [],
            "initialization": [
              {
                "dns": [],
                "entrypoint": "",
                "hostname": "jellyfin",
                "ip_config": [
                  {
                    "ipv4": [
                      {
                        "address": "192.168.0.103/24",
                        "gateway": "192.168.0.1"
                      }
                    ],
                    "ipv6": []
                  }
                ],
                "user_account": [
                  {
                    "keys": [
                      "ssh-ed25519 AAAAC3NzaC1lZDI1NTE5AAAAIPFDCWwjc7bQqZ9L0lrpLFzK5VsR2ScQMmqsV7PKh7ej nixaloma"
                    ],
                    "password": "password"
                  }
                ]
              }
            ],
            "ipv4": {
              "eth0": "192.168.0.103"
            },
            "ipv6": {
              "eth0": "2001:e68:5473:1109:be24:11ff:fe19:3f3c"
            },
            "memory": [
              {
                "dedicated": 4096,
                "swap": 1024
              }
            ],
            "mount_point": [
              {
                "acl": false,
                "backup": false,
                "mount_options": [],
                "path": "/mnt/media",
                "path_in_datastore": "/mnt/hdd/media",
                "quota": false,
                "read_only": false,
                "replicate": true,
                "shared": false,
                "size": "",
                "volume": "/mnt/hdd/media"
              },
              {
                "acl": false,
                "backup": false,
                "mount_options": [],
                "path": "/mnt/shared",
                "path_in_datastore": "/mnt/hdd/shared",
                "quota": false,
                "read_only": false,
                "replicate": true,
                "shared": true,
                "size": "",
                "volume": "/mnt/hdd/shared"
              },
              {
                "acl": false,
                "backup": false,
                "mount_options": [],
                "path": "/mnt/media-2",
                "path_in_datastore": "/mnt/hdd/media/media-2",
                "quota": false,
                "read_only": false,
                "replicate": true,
                "shared": true,
                "size": "",
                "volume": "/mnt/hdd/media/media-2"
              }
            ],
            "network_interface": [
              {
                "bridge": "vmbr0",
                "enabled": true,
                "firewall": false,
                "host_managed": false,
                "mac_address": "BC:24:11:19:3F:3C",
                "mtu": 0,
                "name": "eth0",
                "rate_limit": 0,
                "vlan_id": 0
              }
            ],
            "node_name": "proxmox",
            "operating_system": [
              {
                "template_file_id": "local:vztmpl/debian-13-standard_13.6-1_amd64.tar.zst",
                "type": "debian"
              }
            ],
            "pool_id": null,
            "protection": false,
            "start_on_boot": true,
            "started": true,
            "startup": [],
            "tags": [],
            "template": false,
            "timeout_clone": 1800,
            "timeout_create": 1800,
            "timeout_delete": 60,
            "timeout_start": 300,
            "timeout_update": 1800,
            "unprivileged": true,
            "vm_id": 103,
            "wait_for_ip": []
          },
          "sensitive_attributes": [
            [
              {
                "type": "get_attr",
                "value": "initialization"
              },
              {
                "type": "index",
                "value": {
                  "value": 0,
                  "type": "number"
                }
              },
              {
                "type": "get_attr",
                "value": "user_account"
              },
              {
                "type": "index",
                "value": {
                  "value": 0,
                  "type": "number"
                }
              },
              {
                "type": "get_attr",
                "value": "password"
              }
            ]
          ],
          "identity_schema_version": 0,
          "private": "bnVsbA=="
        }
      ]
    },
    {
      "module": "module.k3s-cp-01",
      "mode": "managed",
      "type": "proxmox_download_file",
      "name": "latest_ubuntu_22_jammy_qcow2_img",
      "provider": "provider[\"registry.terraform.io/bpg/proxmox\"]",
      "instances": [
        {
          "schema_version": 0,
          "attributes": {
            "checksum": null,
            "checksum_algorithm": null,
            "content_type": "import",
            "datastore_id": "local",
            "decompression_algorithm": null,
            "file_name": "jammy-server-cloudimg-amd64.qcow2",
            "id": "local:import/jammy-server-cloudimg-amd64.qcow2",
            "node_name": "proxmox",
            "overwrite": true,
            "overwrite_unmanaged": false,
            "size": 735388672,
            "upload_timeout": 600,
            "url": "https://cloud-images.ubuntu.com/jammy/current/jammy-server-cloudimg-amd64.img",
            "verify": true
          },
          "sensitive_attributes": [],
          "identity_schema_version": 0,
          "private": "eyJvcmlnaW5hbF9zdGF0ZV9zaXplIjoiTnpNMU16ZzROamN5IiwidXJsX3NpemUiOiJOek0xTXpnNE5qY3kifQ==",
          "dependencies": [
            "module.vmbr20.proxmox_network_linux_bridge.vmbr20",
            "module.vmbr20.proxmox_sdn_applier.k3s",
            "module.vmbr20.proxmox_sdn_subnet.k3s",
            "module.vmbr20.proxmox_sdn_vnet.k3s",
            "module.vmbr20.proxmox_sdn_zone_simple.k3s"
          ]
        }
      ]
    },
    {
      "module": "module.k3s-cp-01",
      "mode": "managed",
      "type": "proxmox_virtual_environment_vm",
      "name": "ubuntu_vm",
      "provider": "provider[\"registry.terraform.io/bpg/proxmox\"]",
      "instances": [
        {
          "schema_version": 0,
          "attributes": {
            "acpi": true,
            "agent": [
              {
                "enabled": true,
                "timeout": "15m",
                "trim": false,
                "type": "virtio",
                "wait_for_ip": []
              }
            ],
            "amd_sev": [],
            "audio_device": [],
            "bios": "seabios",
            "boot_order": [
              "scsi0",
              "net0"
            ],
            "cdrom": [],
            "clone": [],
            "cpu": [
              {
                "affinity": "",
                "architecture": "",
                "cores": 2,
                "flags": [],
                "hotplugged": 0,
                "limit": 0,
                "numa": false,
                "sockets": 1,
                "type": "x86-64-v2-AES",
                "units": 0
              }
            ],
            "delete_unreferenced_disks_on_destroy": true,
            "description": "k3s-control-plane",
            "disk": [
              {
                "aio": "io_uring",
                "backup": true,
                "cache": "none",
                "datastore_id": "local-lvm",
                "discard": "ignore",
                "file_format": "raw",
                "file_id": "",
                "import_from": "local:import/jammy-server-cloudimg-amd64.qcow2",
                "interface": "scsi0",
                "iothread": false,
                "path_in_datastore": "vm-20100-disk-0",
                "queues": 0,
                "replicate": true,
                "serial": "",
                "size": 10,
                "speed": [],
                "ssd": false
              }
            ],
            "efi_disk": [],
            "hook_script_file_id": "",
            "hostpci": [],
            "hotplug": null,
            "id": "20100",
            "initialization": [
              {
                "datastore_id": "local-lvm",
                "dns": [],
                "file_format": "",
                "interface": "ide2",
                "ip_config": [
                  {
                    "ipv4": [
                      {
                        "address": "192.168.20.100/24",
                        "gateway": "192.168.20.1"
                      }
                    ],
                    "ipv6": []
                  }
                ],
                "meta_data_file_id": "",
                "network_data_file_id": "",
                "type": "",
                "upgrade": true,
                "user_account": [
                  {
                    "keys": [
                      "ssh-ed25519 AAAAC3NzaC1lZDI1NTE5AAAAIPFDCWwjc7bQqZ9L0lrpLFzK5VsR2ScQMmqsV7PKh7ej nixaloma"
                    ],
                    "password": "**********",
                    "username": "root"
                  }
                ],
                "user_data_file_id": "",
                "vendor_data_file_id": ""
              }
            ],
            "ipv4_addresses": [],
            "ipv6_addresses": [],
            "keyboard_layout": "en-us",
            "kvm_arguments": "",
            "mac_addresses": [],
            "machine": "",
            "memory": [
              {
                "dedicated": 2048,
                "floating": 512,
                "hugepages": "",
                "keep_hugepages": false,
                "shared": 0
              }
            ],
            "migrate": false,
            "name": "k3s-cp-01",
            "network_device": [
              {
                "bridge": "vmbr20",
                "disconnected": false,
                "enabled": true,
                "firewall": false,
                "mac_address": "BC:24:11:F1:1D:F7",
                "model": "virtio",
                "mtu": 0,
                "queues": 0,
                "rate_limit": 0,
                "trunks": "",
                "vlan_id": 0
              }
            ],
            "network_interface_names": [],
            "node_name": "proxmox",
            "numa": [],
            "on_boot": true,
            "operating_system": [
              {
                "type": "l26"
              }
            ],
            "pool_id": "",
            "protection": false,
            "purge_on_destroy": true,
            "reboot": false,
            "reboot_after_update": true,
            "rng": [],
            "scsi_hardware": "virtio-scsi-pci",
            "serial_device": [],
            "smbios": [],
            "started": true,
            "startup": [],
            "stop_on_destroy": false,
            "tablet_device": true,
            "tags": [
              "k3s"
            ],
            "template": false,
            "timeout_clone": 1800,
            "timeout_create": 1800,
            "timeout_migrate": 1800,
            "timeout_move_disk": 1800,
            "timeout_reboot": 1800,
            "timeout_shutdown_vm": 1800,
            "timeout_start_vm": 1800,
            "timeout_stop_vm": 300,
            "tpm_state": [],
            "usb": [],
            "vga": [],
            "virtiofs": [],
            "vm_id": 20100,
            "watchdog": []
          },
          "sensitive_attributes": [
            [
              {
                "type": "get_attr",
                "value": "initialization"
              },
              {
                "type": "index",
                "value": {
                  "value": 0,
                  "type": "number"
                }
              },
              {
                "type": "get_attr",
                "value": "user_account"
              },
              {
                "type": "index",
                "value": {
                  "value": 0,
                  "type": "number"
                }
              },
              {
                "type": "get_attr",
                "value": "password"
              }
            ]
          ],
          "identity_schema_version": 0,
          "private": "bnVsbA==",
          "dependencies": [
            "module.k3s-cp-01.proxmox_download_file.latest_ubuntu_22_jammy_qcow2_img",
            "module.vmbr20.proxmox_network_linux_bridge.vmbr20",
            "module.vmbr20.proxmox_sdn_applier.k3s",
            "module.vmbr20.proxmox_sdn_subnet.k3s",
            "module.vmbr20.proxmox_sdn_vnet.k3s",
            "module.vmbr20.proxmox_sdn_zone_simple.k3s"
          ]
        }
      ]
    },
    {
      "module": "module.nas",
      "mode": "managed",
      "type": "proxmox_virtual_environment_container",
      "name": "this",
      "provider": "provider[\"registry.terraform.io/bpg/proxmox\"]",
      "instances": [
        {
          "schema_version": 0,
          "attributes": {
            "clone": [],
            "console": [],
            "cpu": [
              {
                "architecture": "amd64",
                "cores": 1,
                "limit": 0,
                "units": 0
              }
            ],
            "description": "NAS server - managed by Terraform\n",
            "device_passthrough": [],
            "disk": [
              {
                "acl": false,
                "datastore_id": "local-lvm",
                "mount_options": [],
                "path_in_datastore": "local-lvm:vm-102-disk-0",
                "quota": false,
                "replicate": false,
                "size": 8
              }
            ],
            "environment_variables": {},
            "features": [
              {
                "fuse": false,
                "keyctl": false,
                "mknod": false,
                "mount": [],
                "nesting": true
              }
            ],
            "hook_script_file_id": "",
            "id": "102",
            "idmap": [],
            "initialization": [
              {
                "dns": [],
                "entrypoint": "",
                "hostname": "nas",
                "ip_config": [
                  {
                    "ipv4": [
                      {
                        "address": "192.168.0.102/24",
                        "gateway": "192.168.0.1"
                      }
                    ],
                    "ipv6": []
                  }
                ],
                "user_account": [
                  {
                    "keys": [
                      "ssh-ed25519 AAAAC3NzaC1lZDI1NTE5AAAAIPFDCWwjc7bQqZ9L0lrpLFzK5VsR2ScQMmqsV7PKh7ej nixaloma"
                    ],
                    "password": "password"
                  }
                ]
              }
            ],
            "ipv4": {
              "eth0": "192.168.0.102"
            },
            "ipv6": {
              "eth0": "2001:e68:5473:1109:be24:11ff:fe38:b0d5"
            },
            "memory": [
              {
                "dedicated": 512,
                "swap": 512
              }
            ],
            "mount_point": [
              {
                "acl": false,
                "backup": false,
                "mount_options": [],
                "path": "/mnt/shared",
                "path_in_datastore": "/mnt/hdd/shared",
                "quota": false,
                "read_only": false,
                "replicate": true,
                "shared": true,
                "size": "",
                "volume": "/mnt/hdd/shared"
              }
            ],
            "network_interface": [
              {
                "bridge": "vmbr0",
                "enabled": true,
                "firewall": false,
                "host_managed": false,
                "mac_address": "BC:24:11:38:B0:D5",
                "mtu": 0,
                "name": "eth0",
                "rate_limit": 0,
                "vlan_id": 0
              }
            ],
            "node_name": "proxmox",
            "operating_system": [
              {
                "template_file_id": "local:vztmpl/debian-13-standard_13.6-1_amd64.tar.zst",
                "type": "debian"
              }
            ],
            "pool_id": null,
            "protection": false,
            "start_on_boot": true,
            "started": true,
            "startup": [],
            "tags": [],
            "template": false,
            "timeout_clone": 1800,
            "timeout_create": 1800,
            "timeout_delete": 60,
            "timeout_start": 300,
            "timeout_update": 1800,
            "unprivileged": true,
            "vm_id": 102,
            "wait_for_ip": []
          },
          "sensitive_attributes": [
            [
              {
                "type": "get_attr",
                "value": "initialization"
              },
              {
                "type": "index",
                "value": {
                  "value": 0,
                  "type": "number"
                }
              },
              {
                "type": "get_attr",
                "value": "user_account"
              },
              {
                "type": "index",
                "value": {
                  "value": 0,
                  "type": "number"
                }
              },
              {
                "type": "get_attr",
                "value": "password"
              }
            ]
          ],
          "identity_schema_version": 0,
          "private": "bnVsbA=="
        }
      ]
    },
    {
      "module": "module.vmbr20",
      "mode": "managed",
      "type": "proxmox_network_linux_bridge",
      "name": "vmbr20",
      "provider": "provider[\"registry.terraform.io/bpg/proxmox\"]",
      "instances": [
        {
          "schema_version": 0,
          "attributes": {
            "address": "192.168.20.1/24",
            "address6": null,
            "autostart": true,
            "comment": null,
            "gateway": null,
            "gateway6": null,
            "id": "proxmox:vmbr20",
            "mtu": null,
            "name": "vmbr20",
            "node_name": "proxmox",
            "ports": null,
            "timeout_reload": 100,
            "vids": null,
            "vlan_aware": false
          },
          "sensitive_attributes": [],
          "identity_schema_version": 0
        }
      ]
    },
    {
      "module": "module.vmbr20",
      "mode": "managed",
      "type": "proxmox_sdn_applier",
      "name": "k3s",
      "provider": "provider[\"registry.terraform.io/bpg/proxmox\"]",
      "instances": [
        {
          "schema_version": 0,
          "attributes": {
            "id": "1789453151307",
            "on_create": true,
            "on_destroy": true
          },
          "sensitive_attributes": [],
          "identity_schema_version": 0,
          "dependencies": [
            "module.vmbr20.proxmox_sdn_subnet.k3s",
            "module.vmbr20.proxmox_sdn_vnet.k3s",
            "module.vmbr20.proxmox_sdn_zone_simple.k3s"
          ]
        }
      ]
    },
    {
      "module": "module.vmbr20",
      "mode": "managed",
      "type": "proxmox_sdn_subnet",
      "name": "k3s",
      "provider": "provider[\"registry.terraform.io/bpg/proxmox\"]",
      "instances": [
        {
          "schema_version": 0,
          "attributes": {
            "cidr": "192.168.20.0/24",
            "dhcp_dns_server": null,
            "dhcp_range": null,
            "dns_zone_prefix": null,
            "gateway": null,
            "id": "k3szone-192.168.20.0-24",
            "snat": null,
            "vnet": "k3svnet"
          },
          "sensitive_attributes": [],
          "identity_schema_version": 0,
          "dependencies": [
            "module.vmbr20.proxmox_sdn_vnet.k3s",
            "module.vmbr20.proxmox_sdn_zone_simple.k3s"
          ]
        }
      ]
    },
    {
      "module": "module.vmbr20",
      "mode": "managed",
      "type": "proxmox_sdn_vnet",
      "name": "k3s",
      "provider": "provider[\"registry.terraform.io/bpg/proxmox\"]",
      "instances": [
        {
          "schema_version": 0,
          "attributes": {
            "alias": null,
            "id": "k3svnet",
            "isolate_ports": null,
            "tag": null,
            "vlan_aware": null,
            "zone": "k3szone"
          },
          "sensitive_attributes": [],
          "identity_schema_version": 0,
          "dependencies": [
            "module.vmbr20.proxmox_sdn_zone_simple.k3s"
          ]
        }
      ]
    },
    {
      "module": "module.vmbr20",
      "mode": "managed",
      "type": "proxmox_sdn_zone_simple",
      "name": "k3s",
      "provider": "provider[\"registry.terraform.io/bpg/proxmox\"]",
      "instances": [
        {
          "schema_version": 0,
          "attributes": {
            "dhcp": null,
            "dns": null,
            "dns_zone": null,
            "id": "k3szone",
            "ipam": null,
            "mtu": 1500,
            "nodes": [],
            "pending": null,
            "reverse_dns": null,
            "state": null
          },
          "sensitive_attributes": [],
          "identity_schema_version": 0
        }
      ]
    }
  ],
  "check_results": null
}
